
Microsoft Visual Studio Solution File, Format Version 11.00
# Visual Studio 2010
Project("{FAE04EC0-301F-11D3-BF4B-00C04F79EFBC}") = "排课系统", "排课系统\排课系统.csproj", "{4E273D9D-14D3-4A5C-9AD0-221D5C72F3D4}"
EndProject
Global
	GlobalSection(SolutionConfigurationPlatforms) = preSolution
		Debug|Any CPU = Debug|Any CPU
		Release|Any CPU = Release|Any CPU
	EndGlobalSection
	GlobalSection(ProjectConfigurationPlatforms) = postSolution
		{4E273D9D-14D3-4A5C-9AD0-221D5C72F3D4}.Debug|Any CPU.ActiveCfg = Debug|Any CPU
		{4E273D9D-14D3-4A5C-9AD0-221D5C72F3D4}.Debug|Any CPU.Build.0 = Debug|Any CPU
		{4E273D9D-14D3-4A5C-9AD0-221D5C72F3D4}.Release|Any CPU.ActiveCfg = Release|Any CPU
		{4E273D9D-14D3-4A5C-9AD0-221D5C72F3D4}.Release|Any CPU.Build.0 = Release|Any CPU
	EndGlobalSection
	GlobalSection(SolutionProperties) = preSolution
		HideSolutionNode = FALSE
	EndGlobalSection
EndGlobal
